
Microsoft Visual Studio Solution File, Format Version 12.00
# Visual Studio Version 17
VisualStudioVersion = 17.10.35013.160
MinimumVisualStudioVersion = 10.0.40219.1
Project("{FAE04EC0-301F-11D3-BF4B-00C04F79EFBC}") = "CrtSh", "CrtSh\CrtSh.csproj", "{B236C05B-F5FC-466D-A5D9-22F4B7D127A5}"
EndProject
Global
	GlobalSection(SolutionConfigurationPlatforms) = preSolution
		Debug|Any CPU = Debug|Any CPU
		Release|Any CPU = Release|Any CPU
	EndGlobalSection
	GlobalSection(ProjectConfigurationPlatforms) = postSolution
		{B236C05B-F5FC-466D-A5D9-22F4B7D127A5}.Debug|Any CPU.ActiveCfg = Debug|Any CPU
		{B236C05B-F5FC-466D-A5D9-22F4B7D127A5}.Debug|Any CPU.Build.0 = Debug|Any CPU
		{B236C05B-F5FC-466D-A5D9-22F4B7D127A5}.Release|Any CPU.ActiveCfg = Release|Any CPU
		{B236C05B-F5FC-466D-A5D9-22F4B7D127A5}.Release|Any CPU.Build.0 = Release|Any CPU
	EndGlobalSection
	GlobalSection(SolutionProperties) = preSolution
		HideSolutionNode = FALSE
	EndGlobalSection
	GlobalSection(ExtensibilityGlobals) = postSolution
		SolutionGuid = {121C19BD-C00C-4845-B529-8958790B8A9D}
	EndGlobalSection
EndGlobal
